
Microsoft Visual Studio Solution File, Format Version 12.00
# Visual Studio Version 16
VisualStudioVersion = 16.0.29926.136
MinimumVisualStudioVersion = 10.0.40219.1
Project("{FAE04EC0-301F-11D3-BF4B-00C04F79EFBC}") = "BetterUnitTesting", "BetterUnitTesting\BetterUnitTesting.csproj", "{88F8BAED-363A-4872-863E-58BCAD0B9000}"
EndProject
Project("{FAE04EC0-301F-11D3-BF4B-00C04F79EFBC}") = "BetterUnitTesting.Tests", "BetterUnitTesting.Tests\BetterUnitTesting.Tests.csproj", "{FBC8F834-4F01-4228-9E26-C6E954AFA997}"
EndProject
Global
	GlobalSection(SolutionConfigurationPlatforms) = preSolution
		Debug|Any CPU = Debug|Any CPU
		Release|Any CPU = Release|Any CPU
	EndGlobalSection
	GlobalSection(ProjectConfigurationPlatforms) = postSolution
		{88F8BAED-363A-4872-863E-58BCAD0B9000}.Debug|Any CPU.ActiveCfg = Debug|Any CPU
		{88F8BAED-363A-4872-863E-58BCAD0B9000}.Debug|Any CPU.Build.0 = Debug|Any CPU
		{88F8BAED-363A-4872-863E-58BCAD0B9000}.Release|Any CPU.ActiveCfg = Release|Any CPU
		{88F8BAED-363A-4872-863E-58BCAD0B9000}.Release|Any CPU.Build.0 = Release|Any CPU
		{FBC8F834-4F01-4228-9E26-C6E954AFA997}.Debug|Any CPU.ActiveCfg = Debug|Any CPU
		{FBC8F834-4F01-4228-9E26-C6E954AFA997}.Debug|Any CPU.Build.0 = Debug|Any CPU
		{FBC8F834-4F01-4228-9E26-C6E954AFA997}.Release|Any CPU.ActiveCfg = Release|Any CPU
		{FBC8F834-4F01-4228-9E26-C6E954AFA997}.Release|Any CPU.Build.0 = Release|Any CPU
	EndGlobalSection
	GlobalSection(SolutionProperties) = preSolution
		HideSolutionNode = FALSE
	EndGlobalSection
	GlobalSection(ExtensibilityGlobals) = postSolution
		SolutionGuid = {5BE14B8D-769F-4882-B6E7-4C681F9E186A}
	EndGlobalSection
EndGlobal
